// !$*UTF8*$!
{
	archiveVersion = 1;
	classes = {
	};
	objectVersion = 50;
	objects = {

/* Begin PBXBuildFile section */
		0B273D0322E8ED74004B5155 /* Colors.swift in Sources */ = {isa = PBXBuildFile; fileRef = 0B273D0222E8ED74004B5155 /* Colors.swift */; };
		0B29B17422E8A76B003D158D /* ContactsListCell.swift in Sources */ = {isa = PBXBuildFile; fileRef = 0B29B17322E8A76B003D158D /* ContactsListCell.swift */; };
		0B5F26FC22EB6FB6003FCD75 /* UIViewController+Layout.swift in Sources */ = {isa = PBXBuildFile; fileRef = 0B5F26FB22EB6FB6003FCD75 /* UIViewController+Layout.swift */; };
		0B78338D22E89A1400F45721 /* AppDelegate.swift in Sources */ = {isa = PBXBuildFile; fileRef = 0B78338C22E89A1400F45721 /* AppDelegate.swift */; };
		0B78339422E89A1500F45721 /* Assets.xcassets in Resources */ = {isa = PBXBuildFile; fileRef = 0B78339322E89A1500F45721 /* Assets.xcassets */; };
		0B78339722E89A1500F45721 /* LaunchScreen.storyboard in Resources */ = {isa = PBXBuildFile; fileRef = 0B78339522E89A1500F45721 /* LaunchScreen.storyboard */; };
		0B7833A022E89A3B00F45721 /* ContactsViewController.swift in Sources */ = {isa = PBXBuildFile; fileRef = 0B78339F22E89A3B00F45721 /* ContactsViewController.swift */; };
		0B7833A622E89B3700F45721 /* ContactsList.swift in Sources */ = {isa = PBXBuildFile; fileRef = 0B7833A522E89B3700F45721 /* ContactsList.swift */; };
		0B7833A822E89B7C00F45721 /* ViewCode.swift in Sources */ = {isa = PBXBuildFile; fileRef = 0B7833A722E89B7C00F45721 /* ViewCode.swift */; };
		0B7833AA22E89D6D00F45721 /* UITableView+Layout.swift in Sources */ = {isa = PBXBuildFile; fileRef = 0B7833A922E89D6D00F45721 /* UITableView+Layout.swift */; };
		0B7833AC22E89E5400F45721 /* Contact.swift in Sources */ = {isa = PBXBuildFile; fileRef = 0B7833AB22E89E5400F45721 /* Contact.swift */; };
		0BB1322522EA376700406444 /* ContactDetailViewController.swift in Sources */ = {isa = PBXBuildFile; fileRef = 0BB1322422EA376700406444 /* ContactDetailViewController.swift */; };
		0BB1322722EA38A100406444 /* ContactDetail.swift in Sources */ = {isa = PBXBuildFile; fileRef = 0BB1322622EA38A100406444 /* ContactDetail.swift */; };
/* End PBXBuildFile section */

/* Begin PBXFileReference section */
		0B273D0222E8ED74004B5155 /* Colors.swift */ = {isa = PBXFileReference; lastKnownFileType = sourcecode.swift; path = Colors.swift; sourceTree = "<group>"; };
		0B29B17322E8A76B003D158D /* ContactsListCell.swift */ = {isa = PBXFileReference; lastKnownFileType = sourcecode.swift; path = ContactsListCell.swift; sourceTree = "<group>"; };
		0B5F26FB22EB6FB6003FCD75 /* UIViewController+Layout.swift */ = {isa = PBXFileReference; lastKnownFileType = sourcecode.swift; path = "UIViewController+Layout.swift"; sourceTree = "<group>"; };
		0B78338922E89A1400F45721 /* ContactsCalendar.app */ = {isa = PBXFileReference; explicitFileType = wrapper.application; includeInIndex = 0; path = ContactsCalendar.app; sourceTree = BUILT_PRODUCTS_DIR; };
		0B78338C22E89A1400F45721 /* AppDelegate.swift */ = {isa = PBXFileReference; lastKnownFileType = sourcecode.swift; path = AppDelegate.swift; sourceTree = "<group>"; };
		0B78339322E89A1500F45721 /* Assets.xcassets */ = {isa = PBXFileReference; lastKnownFileType = folder.assetcatalog; path = Assets.xcassets; sourceTree = "<group>"; };
		0B78339622E89A1500F45721 /* Base */ = {isa = PBXFileReference; lastKnownFileType = file.storyboard; name = Base; path = Base.lproj/LaunchScreen.storyboard; sourceTree = "<group>"; };
		0B78339822E89A1500F45721 /* Info.plist */ = {isa = PBXFileReference; lastKnownFileType = text.plist.xml; path = Info.plist; sourceTree = "<group>"; };
		0B78339F22E89A3B00F45721 /* ContactsViewController.swift */ = {isa = PBXFileReference; lastKnownFileType = sourcecode.swift; path = ContactsViewController.swift; sourceTree = "<group>"; };
		0B7833A522E89B3700F45721 /* ContactsList.swift */ = {isa = PBXFileReference; lastKnownFileType = sourcecode.swift; path = ContactsList.swift; sourceTree = "<group>"; };
		0B7833A722E89B7C00F45721 /* ViewCode.swift */ = {isa = PBXFileReference; lastKnownFileType = sourcecode.swift; path = ViewCode.swift; sourceTree = "<group>"; };
		0B7833A922E89D6D00F45721 /* UITableView+Layout.swift */ = {isa = PBXFileReference; lastKnownFileType = sourcecode.swift; path = "UITableView+Layout.swift"; sourceTree = "<group>"; };
		0B7833AB22E89E5400F45721 /* Contact.swift */ = {isa = PBXFileReference; lastKnownFileType = sourcecode.swift; path = Contact.swift; sourceTree = "<group>"; };
		0BB1322422EA376700406444 /* ContactDetailViewController.swift */ = {isa = PBXFileReference; lastKnownFileType = sourcecode.swift; path = ContactDetailViewController.swift; sourceTree = "<group>"; };
		0BB1322622EA38A100406444 /* ContactDetail.swift */ = {isa = PBXFileReference; lastKnownFileType = sourcecode.swift; path = ContactDetail.swift; sourceTree = "<group>"; };
/* End PBXFileReference section */

/* Begin PBXFrameworksBuildPhase section */
		0B78338622E89A1400F45721 /* Frameworks */ = {
			isa = PBXFrameworksBuildPhase;
			buildActionMask = 2147483647;
			files = (
			);
			runOnlyForDeploymentPostprocessing = 0;
		};
/* End PBXFrameworksBuildPhase section */

/* Begin PBXGroup section */
		0B273D0122E8ED6B004B5155 /* Constants */ = {
			isa = PBXGroup;
			children = (
				0B273D0222E8ED74004B5155 /* Colors.swift */,
			);
			path = Constants;
			sourceTree = "<group>";
		};
		0B5F26F922EB6F16003FCD75 /* ContactsList */ = {
			isa = PBXGroup;
			children = (
				0B7833A522E89B3700F45721 /* ContactsList.swift */,
				0B29B17322E8A76B003D158D /* ContactsListCell.swift */,
			);
			path = ContactsList;
			sourceTree = "<group>";
		};
		0B5F26FA22EB6F20003FCD75 /* ContactDetail */ = {
			isa = PBXGroup;
			children = (
				0BB1322622EA38A100406444 /* ContactDetail.swift */,
			);
			path = ContactDetail;
			sourceTree = "<group>";
		};
		0B78338022E89A1400F45721 = {
			isa = PBXGroup;
			children = (
				0B78338B22E89A1400F45721 /* ContactsCalendar */,
				0B78338A22E89A1400F45721 /* Products */,
			);
			sourceTree = "<group>";
		};
		0B78338A22E89A1400F45721 /* Products */ = {
			isa = PBXGroup;
			children = (
				0B78338922E89A1400F45721 /* ContactsCalendar.app */,
			);
			name = Products;
			sourceTree = "<group>";
		};
		0B78338B22E89A1400F45721 /* ContactsCalendar */ = {
			isa = PBXGroup;
			children = (
				0B273D0122E8ED6B004B5155 /* Constants */,
				0B7833A422E89B2100F45721 /* Views */,
				0B7833A322E89B1300F45721 /* Protocols */,
				0B7833A222E89B0A00F45721 /* Models */,
				0B7833A122E89B0100F45721 /* Extensions */,
				0B78339E22E89A2C00F45721 /* Controllers */,
				0B78338C22E89A1400F45721 /* AppDelegate.swift */,
				0B78339322E89A1500F45721 /* Assets.xcassets */,
				0B78339522E89A1500F45721 /* LaunchScreen.storyboard */,
				0B78339822E89A1500F45721 /* Info.plist */,
			);
			path = ContactsCalendar;
			sourceTree = "<group>";
		};
		0B78339E22E89A2C00F45721 /* Controllers */ = {
			isa = PBXGroup;
			children = (
				0B78339F22E89A3B00F45721 /* ContactsViewController.swift */,
				0BB1322422EA376700406444 /* ContactDetailViewController.swift */,
			);
			path = Controllers;
			sourceTree = "<group>";
		};
		0B7833A122E89B0100F45721 /* Extensions */ = {
			isa = PBXGroup;
			children = (
				0B7833A922E89D6D00F45721 /* UITableView+Layout.swift */,
				0B5F26FB22EB6FB6003FCD75 /* UIViewController+Layout.swift */,
			);
			path = Extensions;
			sourceTree = "<group>";
		};
		0B7833A222E89B0A00F45721 /* Models */ = {
			isa = PBXGroup;
			children = (
				0B7833AB22E89E5400F45721 /* Contact.swift */,
			);
			path = Models;
			sourceTree = "<group>";
		};
		0B7833A322E89B1300F45721 /* Protocols */ = {
			isa = PBXGroup;
			children = (
				0B7833A722E89B7C00F45721 /* ViewCode.swift */,
			);
			path = Protocols;
			sourceTree = "<group>";
		};
		0B7833A422E89B2100F45721 /* Views */ = {
			isa = PBXGroup;
			children = (
				0B5F26F922EB6F16003FCD75 /* ContactsList */,
				0B5F26FA22EB6F20003FCD75 /* ContactDetail */,
			);
			path = Views;
			sourceTree = "<group>";
		};
/* End PBXGroup section */

/* Begin PBXNativeTarget section */
		0B78338822E89A1400F45721 /* ContactsCalendar */ = {
			isa = PBXNativeTarget;
			buildConfigurationList = 0B78339B22E89A1500F45721 /* Build configuration list for PBXNativeTarget "ContactsCalendar" */;
			buildPhases = (
				0B78338522E89A1400F45721 /* Sources */,
				0B78338622E89A1400F45721 /* Frameworks */,
				0B78338722E89A1400F45721 /* Resources */,
			);
			buildRules = (
			);
			dependencies = (
			);
			name = ContactsCalendar;
			productName = ContactsCalendar;
			productReference = 0B78338922E89A1400F45721 /* ContactsCalendar.app */;
			productType = "com.apple.product-type.application";
		};
/* End PBXNativeTarget section */

/* Begin PBXProject section */
		0B78338122E89A1400F45721 /* Project object */ = {
			isa = PBXProject;
			attributes = {
				LastSwiftUpdateCheck = 1030;
				LastUpgradeCheck = 1030;
				ORGANIZATIONNAME = "Gabriel Henrique";
				TargetAttributes = {
					0B78338822E89A1400F45721 = {
						CreatedOnToolsVersion = 10.3;
					};
				};
			};
			buildConfigurationList = 0B78338422E89A1400F45721 /* Build configuration list for PBXProject "ContactsCalendar" */;
			compatibilityVersion = "Xcode 9.3";
			developmentRegion = en;
			hasScannedForEncodings = 0;
			knownRegions = (
				en,
				Base,
			);
			mainGroup = 0B78338022E89A1400F45721;
			productRefGroup = 0B78338A22E89A1400F45721 /* Products */;
			projectDirPath = "";
			projectRoot = "";
			targets = (
				0B78338822E89A1400F45721 /* ContactsCalendar */,
			);
		};
/* End PBXProject section */

/* Begin PBXResourcesBuildPhase section */
		0B78338722E89A1400F45721 /* Resources */ = {
			isa = PBXResourcesBuildPhase;
			buildActionMask = 2147483647;
			files = (
				0B78339722E89A1500F45721 /* LaunchScreen.storyboard in Resources */,
				0B78339422E89A1500F45721 /* Assets.xcassets in Resources */,
			);
			runOnlyForDeploymentPostprocessing = 0;
		};
/* End PBXResourcesBuildPhase section */

/* Begin PBXSourcesBuildPhase section */
		0B78338522E89A1400F45721 /* Sources */ = {
			isa = PBXSourcesBuildPhase;
			buildActionMask = 2147483647;
			files = (
				0B5F26FC22EB6FB6003FCD75 /* UIViewController+Layout.swift in Sources */,
				0B7833AC22E89E5400F45721 /* Contact.swift in Sources */,
				0B273D0322E8ED74004B5155 /* Colors.swift in Sources */,
				0B29B17422E8A76B003D158D /* ContactsListCell.swift in Sources */,
				0B78338D22E89A1400F45721 /* AppDelegate.swift in Sources */,
				0BB1322522EA376700406444 /* ContactDetailViewController.swift in Sources */,
				0B7833A022E89A3B00F45721 /* ContactsViewController.swift in Sources */,
				0B7833AA22E89D6D00F45721 /* UITableView+Layout.swift in Sources */,
				0B7833A622E89B3700F45721 /* ContactsList.swift in Sources */,
				0B7833A822E89B7C00F45721 /* ViewCode.swift in Sources */,
				0BB1322722EA38A100406444 /* ContactDetail.swift in Sources */,
			);
			runOnlyForDeploymentPostprocessing = 0;
		};
/* End PBXSourcesBuildPhase section */

/* Begin PBXVariantGroup section */
		0B78339522E89A1500F45721 /* LaunchScreen.storyboard */ = {
			isa = PBXVariantGroup;
			children = (
				0B78339622E89A1500F45721 /* Base */,
			);
			name = LaunchScreen.storyboard;
			sourceTree = "<group>";
		};
/* End PBXVariantGroup section */

/* Begin XCBuildConfiguration section */
		0B78339922E89A1500F45721 /* Debug */ = {
			isa = XCBuildConfiguration;
			buildSettings = {
				ALWAYS_SEARCH_USER_PATHS = NO;
				CLANG_ANALYZER_NONNULL = YES;
				CLANG_ANALYZER_NUMBER_OBJECT_CONVERSION = YES_AGGRESSIVE;
				CLANG_CXX_LANGUAGE_STANDARD = "gnu++14";
				CLANG_CXX_LIBRARY = "libc++";
				CLANG_ENABLE_MODULES = YES;
				CLANG_ENABLE_OBJC_ARC = YES;
				CLANG_ENABLE_OBJC_WEAK = YES;
				CLANG_WARN_BLOCK_CAPTURE_AUTORELEASING = YES;
				CLANG_WARN_BOOL_CONVERSION = YES;
				CLANG_WARN_COMMA = YES;
				CLANG_WARN_CONSTANT_CONVERSION = YES;
				CLANG_WARN_DEPRECATED_OBJC_IMPLEMENTATIONS = YES;
				CLANG_WARN_DIRECT_OBJC_ISA_USAGE = YES_ERROR;
				CLANG_WARN_DOCUMENTATION_COMMENTS = YES;
				CLANG_WARN_EMPTY_BODY = YES;
				CLANG_WARN_ENUM_CONVERSION = YES;
				CLANG_WARN_INFINITE_RECURSION = YES;
				CLANG_WARN_INT_CONVERSION = YES;
				CLANG_WARN_NON_LITERAL_NULL_CONVERSION = YES;
				CLANG_WARN_OBJC_IMPLICIT_RETAIN_SELF = YES;
				CLANG_WARN_OBJC_LITERAL_CONVERSION = YES;
				CLANG_WARN_OBJC_ROOT_CLASS = YES_ERROR;
				CLANG_WARN_RANGE_LOOP_ANALYSIS = YES;
				CLANG_WARN_STRICT_PROTOTYPES = YES;
				CLANG_WARN_SUSPICIOUS_MOVE = YES;
				CLANG_WARN_UNGUARDED_AVAILABILITY = YES_AGGRESSIVE;
				CLANG_WARN_UNREACHABLE_CODE = YES;
				CLANG_WARN__DUPLICATE_METHOD_MATCH = YES;
				CODE_SIGN_IDENTITY = "iPhone Developer";
				COPY_PHASE_STRIP = NO;
				DEBUG_INFORMATION_FORMAT = dwarf;
				ENABLE_STRICT_OBJC_MSGSEND = YES;
				ENABLE_TESTABILITY = YES;
				GCC_C_LANGUAGE_STANDARD = gnu11;
				GCC_DYNAMIC_NO_PIC = NO;
				GCC_NO_COMMON_BLOCKS = YES;
				GCC_OPTIMIZATION_LEVEL = 0;
				GCC_PREPROCESSOR_DEFINITIONS = (
					"DEBUG=1",
					"$(inherited)",
				);
				GCC_WARN_64_TO_32_BIT_CONVERSION = YES;
				GCC_WARN_ABOUT_RETURN_TYPE = YES_ERROR;
				GCC_WARN_UNDECLARED_SELECTOR = YES;
				GCC_WARN_UNINITIALIZED_AUTOS = YES_AGGRESSIVE;
				GCC_WARN_UNUSED_FUNCTION = YES;
				GCC_WARN_UNUSED_VARIABLE = YES;
				IPHONEOS_DEPLOYMENT_TARGET = 12.4;
				MTL_ENABLE_DEBUG_INFO = INCLUDE_SOURCE;
				MTL_FAST_MATH = YES;
				ONLY_ACTIVE_ARCH = YES;
				SDKROOT = iphoneos;
				SWIFT_ACTIVE_COMPILATION_CONDITIONS = DEBUG;
				SWIFT_OPTIMIZATION_LEVEL = "-Onone";
			};
			name = Debug;
		};
		0B78339A22E89A1500F45721 /* Release */ = {
			isa = XCBuildConfiguration;
			buildSettings = {
				ALWAYS_SEARCH_USER_PATHS = NO;
				CLANG_ANALYZER_NONNULL = YES;
				CLANG_ANALYZER_NUMBER_OBJECT_CONVERSION = YES_AGGRESSIVE;
				CLANG_CXX_LANGUAGE_STANDARD = "gnu++14";
				CLANG_CXX_LIBRARY = "libc++";
				CLANG_ENABLE_MODULES = YES;
				CLANG_ENABLE_OBJC_ARC = YES;
				CLANG_ENABLE_OBJC_WEAK = YES;
				CLANG_WARN_BLOCK_CAPTURE_AUTORELEASING = YES;
				CLANG_WARN_BOOL_CONVERSION = YES;
				CLANG_WARN_COMMA = YES;
				CLANG_WARN_CONSTANT_CONVERSION = YES;
				CLANG_WARN_DEPRECATED_OBJC_IMPLEMENTATIONS = YES;
				CLANG_WARN_DIRECT_OBJC_ISA_USAGE = YES_ERROR;
				CLANG_WARN_DOCUMENTATION_COMMENTS = YES;
				CLANG_WARN_EMPTY_BODY = YES;
				CLANG_WARN_ENUM_CONVERSION = YES;
				CLANG_WARN_INFINITE_RECURSION = YES;
				CLANG_WARN_INT_CONVERSION = YES;
				CLANG_WARN_NON_LITERAL_NULL_CONVERSION = YES;
				CLANG_WARN_OBJC_IMPLICIT_RETAIN_SELF = YES;
				CLANG_WARN_OBJC_LITERAL_CONVERSION = YES;
				CLANG_WARN_OBJC_ROOT_CLASS = YES_ERROR;
				CLANG_WARN_RANGE_LOOP_ANALYSIS = YES;
				CLANG_WARN_STRICT_PROTOTYPES = YES;
				CLANG_WARN_SUSPICIOUS_MOVE = YES;
				CLANG_WARN_UNGUARDED_AVAILABILITY = YES_AGGRESSIVE;
				CLANG_WARN_UNREACHABLE_CODE = YES;
				CLANG_WARN__DUPLICATE_METHOD_MATCH = YES;
				CODE_SIGN_IDENTITY = "iPhone Developer";
				COPY_PHASE_STRIP = NO;
				DEBUG_INFORMATION_FORMAT = "dwarf-with-dsym";
				ENABLE_NS_ASSERTIONS = NO;
				ENABLE_STRICT_OBJC_MSGSEND = YES;
				GCC_C_LANGUAGE_STANDARD = gnu11;
				GCC_NO_COMMON_BLOCKS = YES;
				GCC_WARN_64_TO_32_BIT_CONVERSION = YES;
				GCC_WARN_ABOUT_RETURN_TYPE = YES_ERROR;
				GCC_WARN_UNDECLARED_SELECTOR = YES;
				GCC_WARN_UNINITIALIZED_AUTOS = YES_AGGRESSIVE;
				GCC_WARN_UNUSED_FUNCTION = YES;
				GCC_WARN_UNUSED_VARIABLE = YES;
				IPHONEOS_DEPLOYMENT_TARGET = 12.4;
				MTL_ENABLE_DEBUG_INFO = NO;
				MTL_FAST_MATH = YES;
				SDKROOT = iphoneos;
				SWIFT_COMPILATION_MODE = wholemodule;
				SWIFT_OPTIMIZATION_LEVEL = "-O";
				VALIDATE_PRODUCT = YES;
			};
			name = Release;
		};
		0B78339C22E89A1500F45721 /* Debug */ = {
			isa = XCBuildConfiguration;
			buildSettings = {
				ASSETCATALOG_COMPILER_APPICON_NAME = AppIcon;
				CODE_SIGN_STYLE = Automatic;
				INFOPLIST_FILE = ContactsCalendar/Info.plist;
				IPHONEOS_DEPLOYMENT_TARGET = 11.0;
				LD_RUNPATH_SEARCH_PATHS = (
					"$(inherited)",
					"@executable_path/Frameworks",
				);
				PRODUCT_BUNDLE_IDENTIFIER = com.gabrielhsp.ContactsCalendar;
				PRODUCT_NAME = "$(TARGET_NAME)";
				SWIFT_VERSION = 4.2;
				TARGETED_DEVICE_FAMILY = "1,2";
			};
			name = Debug;
		};
		0B78339D22E89A1500F45721 /* Release */ = {
			isa = XCBuildConfiguration;
			buildSettings = {
				ASSETCATALOG_COMPILER_APPICON_NAME = AppIcon;
				CODE_SIGN_STYLE = Automatic;
				INFOPLIST_FILE = ContactsCalendar/Info.plist;
				IPHONEOS_DEPLOYMENT_TARGET = 11.0;
				LD_RUNPATH_SEARCH_PATHS = (
					"$(inherited)",
					"@executable_path/Frameworks",
				);
				PRODUCT_BUNDLE_IDENTIFIER = com.gabrielhsp.ContactsCalendar;
				PRODUCT_NAME = "$(TARGET_NAME)";
				SWIFT_VERSION = 4.2;
				TARGETED_DEVICE_FAMILY = "1,2";
			};
			name = Release;
		};
/* End XCBuildConfiguration section */

/* Begin XCConfigurationList section */
		0B78338422E89A1400F45721 /* Build configuration list for PBXProject "ContactsCalendar" */ = {
			isa = XCConfigurationList;
			buildConfigurations = (
				0B78339922E89A1500F45721 /* Debug */,
				0B78339A22E89A1500F45721 /* Release */,
			);
			defaultConfigurationIsVisible = 0;
			defaultConfigurationName = Release;
		};
		0B78339B22E89A1500F45721 /* Build configuration list for PBXNativeTarget "ContactsCalendar" */ = {
			isa = XCConfigurationList;
			buildConfigurations = (
				0B78339C22E89A1500F45721 /* Debug */,
				0B78339D22E89A1500F45721 /* Release */,
			);
			defaultConfigurationIsVisible = 0;
			defaultConfigurationName = Release;
		};
/* End XCConfigurationList section */
	};
	rootObject = 0B78338122E89A1400F45721 /* Project object */;
}
